
Microsoft Visual Studio Solution File, Format Version 12.00
# Visual Studio Version 17
VisualStudioVersion = 17.6.33815.320
MinimumVisualStudioVersion = 10.0.40219.1
Project("{FAE04EC0-301F-11D3-BF4B-00C04F79EFBC}") = "solution - 5", "solution - 5\solution - 5.csproj", "{43250558-8E4E-4982-B723-2A3ECBC1CFE3}"
EndProject
Global
	GlobalSection(SolutionConfigurationPlatforms) = preSolution
		Debug|Any CPU = Debug|Any CPU
		Release|Any CPU = Release|Any CPU
	EndGlobalSection
	GlobalSection(ProjectConfigurationPlatforms) = postSolution
		{43250558-8E4E-4982-B723-2A3ECBC1CFE3}.Debug|Any CPU.ActiveCfg = Debug|Any CPU
		{43250558-8E4E-4982-B723-2A3ECBC1CFE3}.Debug|Any CPU.Build.0 = Debug|Any CPU
		{43250558-8E4E-4982-B723-2A3ECBC1CFE3}.Release|Any CPU.ActiveCfg = Release|Any CPU
		{43250558-8E4E-4982-B723-2A3ECBC1CFE3}.Release|Any CPU.Build.0 = Release|Any CPU
	EndGlobalSection
	GlobalSection(SolutionProperties) = preSolution
		HideSolutionNode = FALSE
	EndGlobalSection
	GlobalSection(ExtensibilityGlobals) = postSolution
		SolutionGuid = {16D9DD9A-D305-4D46-AD96-2BCD14E14041}
	EndGlobalSection
EndGlobal
