
Microsoft Visual Studio Solution File, Format Version 12.00
# Visual Studio Version 17
VisualStudioVersion = 17.6.33815.320
MinimumVisualStudioVersion = 10.0.40219.1
Project("{FAE04EC0-301F-11D3-BF4B-00C04F79EFBC}") = "solution - 1", "solution - 1\solution - 1.csproj", "{0FFD9EEB-6D4C-4F41-8FE5-12048C487BF3}"
EndProject
Global
	GlobalSection(SolutionConfigurationPlatforms) = preSolution
		Debug|Any CPU = Debug|Any CPU
		Release|Any CPU = Release|Any CPU
	EndGlobalSection
	GlobalSection(ProjectConfigurationPlatforms) = postSolution
		{0FFD9EEB-6D4C-4F41-8FE5-12048C487BF3}.Debug|Any CPU.ActiveCfg = Debug|Any CPU
		{0FFD9EEB-6D4C-4F41-8FE5-12048C487BF3}.Debug|Any CPU.Build.0 = Debug|Any CPU
		{0FFD9EEB-6D4C-4F41-8FE5-12048C487BF3}.Release|Any CPU.ActiveCfg = Release|Any CPU
		{0FFD9EEB-6D4C-4F41-8FE5-12048C487BF3}.Release|Any CPU.Build.0 = Release|Any CPU
	EndGlobalSection
	GlobalSection(SolutionProperties) = preSolution
		HideSolutionNode = FALSE
	EndGlobalSection
	GlobalSection(ExtensibilityGlobals) = postSolution
		SolutionGuid = {A9FFF6D6-6D1B-43EF-A808-D11818D07416}
	EndGlobalSection
EndGlobal
